
Microsoft Visual Studio Solution File, Format Version 12.00
# Visual Studio Version 16
VisualStudioVersion = 16.0.34114.132
MinimumVisualStudioVersion = 10.0.40219.1
Project("{9A19103F-16F7-4668-BE54-9A1E7A4F7556}") = "ImperialRulers", "ImperialRulers.csproj", "{EDF710F4-2215-4CE9-88CC-6BC7611CFC1A}"
EndProject
Global
	GlobalSection(SolutionConfigurationPlatforms) = preSolution
		Debug|Any CPU = Debug|Any CPU
		Release|Any CPU = Release|Any CPU
	EndGlobalSection
	GlobalSection(ProjectConfigurationPlatforms) = postSolution
		{EDF710F4-2215-4CE9-88CC-6BC7611CFC1A}.Debug|Any CPU.ActiveCfg = Debug|Any CPU
		{EDF710F4-2215-4CE9-88CC-6BC7611CFC1A}.Debug|Any CPU.Build.0 = Debug|Any CPU
		{EDF710F4-2215-4CE9-88CC-6BC7611CFC1A}.Release|Any CPU.ActiveCfg = Release|Any CPU
		{EDF710F4-2215-4CE9-88CC-6BC7611CFC1A}.Release|Any CPU.Build.0 = Release|Any CPU
	EndGlobalSection
	GlobalSection(SolutionProperties) = preSolution
		HideSolutionNode = FALSE
	EndGlobalSection
	GlobalSection(ExtensibilityGlobals) = postSolution
		SolutionGuid = {CA0DF9F4-EA7E-412E-9EFC-3C038A81399B}
	EndGlobalSection
EndGlobal